// !$*UTF8*$!
{
	archiveVersion = 1;
	classes = {
	};
	objectVersion = 46;
	objects = {

/* Begin PBXBuildFile section */
		CC8CAAD81CFC902B00E05BD9 /* AppDelegate.swift in Sources */ = {isa = PBXBuildFile; fileRef = CC8CAAD71CFC902B00E05BD9 /* AppDelegate.swift */; };
		CC8CAADA1CFC902B00E05BD9 /* ViewController.swift in Sources */ = {isa = PBXBuildFile; fileRef = CC8CAAD91CFC902B00E05BD9 /* ViewController.swift */; };
		CC8CAADD1CFC902B00E05BD9 /* Main.storyboard in Resources */ = {isa = PBXBuildFile; fileRef = CC8CAADB1CFC902B00E05BD9 /* Main.storyboard */; };
		CC8CAAE01CFC902B00E05BD9 /* Validation.xcdatamodeld in Sources */ = {isa = PBXBuildFile; fileRef = CC8CAADE1CFC902B00E05BD9 /* Validation.xcdatamodeld */; };
		CC8CAAE21CFC902B00E05BD9 /* Assets.xcassets in Resources */ = {isa = PBXBuildFile; fileRef = CC8CAAE11CFC902B00E05BD9 /* Assets.xcassets */; };
		CC8CAAE51CFC902B00E05BD9 /* LaunchScreen.storyboard in Resources */ = {isa = PBXBuildFile; fileRef = CC8CAAE31CFC902B00E05BD9 /* LaunchScreen.storyboard */; };
/* End PBXBuildFile section */

/* Begin PBXFileReference section */
		CC8CAAD41CFC902B00E05BD9 /* Validation.app */ = {isa = PBXFileReference; explicitFileType = wrapper.application; includeInIndex = 0; path = Validation.app; sourceTree = BUILT_PRODUCTS_DIR; };
		CC8CAAD71CFC902B00E05BD9 /* AppDelegate.swift */ = {isa = PBXFileReference; lastKnownFileType = sourcecode.swift; path = AppDelegate.swift; sourceTree = "<group>"; };
		CC8CAAD91CFC902B00E05BD9 /* ViewController.swift */ = {isa = PBXFileReference; lastKnownFileType = sourcecode.swift; path = ViewController.swift; sourceTree = "<group>"; };
		CC8CAADC1CFC902B00E05BD9 /* Base */ = {isa = PBXFileReference; lastKnownFileType = file.storyboard; name = Base; path = Base.lproj/Main.storyboard; sourceTree = "<group>"; };
		CC8CAADF1CFC902B00E05BD9 /* Validation.xcdatamodel */ = {isa = PBXFileReference; lastKnownFileType = wrapper.xcdatamodel; path = Validation.xcdatamodel; sourceTree = "<group>"; };
		CC8CAAE11CFC902B00E05BD9 /* Assets.xcassets */ = {isa = PBXFileReference; lastKnownFileType = folder.assetcatalog; path = Assets.xcassets; sourceTree = "<group>"; };
		CC8CAAE41CFC902B00E05BD9 /* Base */ = {isa = PBXFileReference; lastKnownFileType = file.storyboard; name = Base; path = Base.lproj/LaunchScreen.storyboard; sourceTree = "<group>"; };
		CC8CAAE61CFC902B00E05BD9 /* Info.plist */ = {isa = PBXFileReference; lastKnownFileType = text.plist.xml; path = Info.plist; sourceTree = "<group>"; };
/* End PBXFileReference section */

/* Begin PBXFrameworksBuildPhase section */
		CC8CAAD11CFC902B00E05BD9 /* Frameworks */ = {
			isa = PBXFrameworksBuildPhase;
			buildActionMask = 2147483647;
			files = (
			);
			runOnlyForDeploymentPostprocessing = 0;
		};
/* End PBXFrameworksBuildPhase section */

/* Begin PBXGroup section */
		CC8CAACB1CFC902B00E05BD9 = {
			isa = PBXGroup;
			children = (
				CC8CAAD61CFC902B00E05BD9 /* Validation */,
				CC8CAAD51CFC902B00E05BD9 /* Products */,
			);
			sourceTree = "<group>";
		};
		CC8CAAD51CFC902B00E05BD9 /* Products */ = {
			isa = PBXGroup;
			children = (
				CC8CAAD41CFC902B00E05BD9 /* Validation.app */,
			);
			name = Products;
			sourceTree = "<group>";
		};
		CC8CAAD61CFC902B00E05BD9 /* Validation */ = {
			isa = PBXGroup;
			children = (
				CC8CAAD71CFC902B00E05BD9 /* AppDelegate.swift */,
				CC8CAAD91CFC902B00E05BD9 /* ViewController.swift */,
				CC8CAADB1CFC902B00E05BD9 /* Main.storyboard */,
				CC8CAAE11CFC902B00E05BD9 /* Assets.xcassets */,
				CC8CAAE31CFC902B00E05BD9 /* LaunchScreen.storyboard */,
				CC8CAAE61CFC902B00E05BD9 /* Info.plist */,
				CC8CAADE1CFC902B00E05BD9 /* Validation.xcdatamodeld */,
			);
			path = Validation;
			sourceTree = "<group>";
		};
/* End PBXGroup section */

/* Begin PBXNativeTarget section */
		CC8CAAD31CFC902B00E05BD9 /* Validation */ = {
			isa = PBXNativeTarget;
			buildConfigurationList = CC8CAAE91CFC902B00E05BD9 /* Build configuration list for PBXNativeTarget "Validation" */;
			buildPhases = (
				CC8CAAD01CFC902B00E05BD9 /* Sources */,
				CC8CAAD11CFC902B00E05BD9 /* Frameworks */,
				CC8CAAD21CFC902B00E05BD9 /* Resources */,
			);
			buildRules = (
			);
			dependencies = (
			);
			name = Validation;
			productName = Validation;
			productReference = CC8CAAD41CFC902B00E05BD9 /* Validation.app */;
			productType = "com.apple.product-type.application";
		};
/* End PBXNativeTarget section */

/* Begin PBXProject section */
		CC8CAACC1CFC902B00E05BD9 /* Project object */ = {
			isa = PBXProject;
			attributes = {
				LastSwiftUpdateCheck = 0730;
				LastUpgradeCheck = 0730;
				ORGANIZATIONNAME = "Envato Tuts+";
				TargetAttributes = {
					CC8CAAD31CFC902B00E05BD9 = {
						CreatedOnToolsVersion = 7.3;
					};
				};
			};
			buildConfigurationList = CC8CAACF1CFC902B00E05BD9 /* Build configuration list for PBXProject "Validation" */;
			compatibilityVersion = "Xcode 3.2";
			developmentRegion = English;
			hasScannedForEncodings = 0;
			knownRegions = (
				en,
				Base,
			);
			mainGroup = CC8CAACB1CFC902B00E05BD9;
			productRefGroup = CC8CAAD51CFC902B00E05BD9 /* Products */;
			projectDirPath = "";
			projectRoot = "";
			targets = (
				CC8CAAD31CFC902B00E05BD9 /* Validation */,
			);
		};
/* End PBXProject section */

/* Begin PBXResourcesBuildPhase section */
		CC8CAAD21CFC902B00E05BD9 /* Resources */ = {
			isa = PBXResourcesBuildPhase;
			buildActionMask = 2147483647;
			files = (
				CC8CAAE51CFC902B00E05BD9 /* LaunchScreen.storyboard in Resources */,
				CC8CAAE21CFC902B00E05BD9 /* Assets.xcassets in Resources */,
				CC8CAADD1CFC902B00E05BD9 /* Main.storyboard in Resources */,
			);
			runOnlyForDeploymentPostprocessing = 0;
		};
/* End PBXResourcesBuildPhase section */

/* Begin PBXSourcesBuildPhase section */
		CC8CAAD01CFC902B00E05BD9 /* Sources */ = {
			isa = PBXSourcesBuildPhase;
			buildActionMask = 2147483647;
			files = (
				CC8CAADA1CFC902B00E05BD9 /* ViewController.swift in Sources */,
				CC8CAAE01CFC902B00E05BD9 /* Validation.xcdatamodeld in Sources */,
				CC8CAAD81CFC902B00E05BD9 /* AppDelegate.swift in Sources */,
			);
			runOnlyForDeploymentPostprocessing = 0;
		};
/* End PBXSourcesBuildPhase section */

/* Begin PBXVariantGroup section */
		CC8CAADB1CFC902B00E05BD9 /* Main.storyboard */ = {
			isa = PBXVariantGroup;
			children = (
				CC8CAADC1CFC902B00E05BD9 /* Base */,
			);
			name = Main.storyboard;
			sourceTree = "<group>";
		};
		CC8CAAE31CFC902B00E05BD9 /* LaunchScreen.storyboard */ = {
			isa = PBXVariantGroup;
			children = (
				CC8CAAE41CFC902B00E05BD9 /* Base */,
			);
			name = LaunchScreen.storyboard;
			sourceTree = "<group>";
		};
/* End PBXVariantGroup section */

/* Begin XCBuildConfiguration section */
		CC8CAAE71CFC902B00E05BD9 /* Debug */ = {
			isa = XCBuildConfiguration;
			buildSettings = {
				ALWAYS_SEARCH_USER_PATHS = NO;
				CLANG_ANALYZER_NONNULL = YES;
				CLANG_CXX_LANGUAGE_STANDARD = "gnu++0x";
				CLANG_CXX_LIBRARY = "libc++";
				CLANG_ENABLE_MODULES = YES;
				CLANG_ENABLE_OBJC_ARC = YES;
				CLANG_WARN_BOOL_CONVERSION = YES;
				CLANG_WARN_CONSTANT_CONVERSION = YES;
				CLANG_WARN_DIRECT_OBJC_ISA_USAGE = YES_ERROR;
				CLANG_WARN_EMPTY_BODY = YES;
				CLANG_WARN_ENUM_CONVERSION = YES;
				CLANG_WARN_INT_CONVERSION = YES;
				CLANG_WARN_OBJC_ROOT_CLASS = YES_ERROR;
				CLANG_WARN_UNREACHABLE_CODE = YES;
				CLANG_WARN__DUPLICATE_METHOD_MATCH = YES;
				"CODE_SIGN_IDENTITY[sdk=iphoneos*]" = "iPhone Developer";
				COPY_PHASE_STRIP = NO;
				DEBUG_INFORMATION_FORMAT = dwarf;
				ENABLE_STRICT_OBJC_MSGSEND = YES;
				ENABLE_TESTABILITY = YES;
				GCC_C_LANGUAGE_STANDARD = gnu99;
				GCC_DYNAMIC_NO_PIC = NO;
				GCC_NO_COMMON_BLOCKS = YES;
				GCC_OPTIMIZATION_LEVEL = 0;
				GCC_PREPROCESSOR_DEFINITIONS = (
					"DEBUG=1",
					"$(inherited)",
				);
				GCC_WARN_64_TO_32_BIT_CONVERSION = YES;
				GCC_WARN_ABOUT_RETURN_TYPE = YES_ERROR;
				GCC_WARN_UNDECLARED_SELECTOR = YES;
				GCC_WARN_UNINITIALIZED_AUTOS = YES_AGGRESSIVE;
				GCC_WARN_UNUSED_FUNCTION = YES;
				GCC_WARN_UNUSED_VARIABLE = YES;
				IPHONEOS_DEPLOYMENT_TARGET = 9.3;
				MTL_ENABLE_DEBUG_INFO = YES;
				ONLY_ACTIVE_ARCH = YES;
				SDKROOT = iphoneos;
				SWIFT_OPTIMIZATION_LEVEL = "-Onone";
			};
			name = Debug;
		};
		CC8CAAE81CFC902B00E05BD9 /* Release */ = {
			isa = XCBuildConfiguration;
			buildSettings = {
				ALWAYS_SEARCH_USER_PATHS = NO;
				CLANG_ANALYZER_NONNULL = YES;
				CLANG_CXX_LANGUAGE_STANDARD = "gnu++0x";
				CLANG_CXX_LIBRARY = "libc++";
				CLANG_ENABLE_MODULES = YES;
				CLANG_ENABLE_OBJC_ARC = YES;
				CLANG_WARN_BOOL_CONVERSION = YES;
				CLANG_WARN_CONSTANT_CONVERSION = YES;
				CLANG_WARN_DIRECT_OBJC_ISA_USAGE = YES_ERROR;
				CLANG_WARN_EMPTY_BODY = YES;
				CLANG_WARN_ENUM_CONVERSION = YES;
				CLANG_WARN_INT_CONVERSION = YES;
				CLANG_WARN_OBJC_ROOT_CLASS = YES_ERROR;
				CLANG_WARN_UNREACHABLE_CODE = YES;
				CLANG_WARN__DUPLICATE_METHOD_MATCH = YES;
				"CODE_SIGN_IDENTITY[sdk=iphoneos*]" = "iPhone Developer";
				COPY_PHASE_STRIP = NO;
				DEBUG_INFORMATION_FORMAT = "dwarf-with-dsym";
				ENABLE_NS_ASSERTIONS = NO;
				ENABLE_STRICT_OBJC_MSGSEND = YES;
				GCC_C_LANGUAGE_STANDARD = gnu99;
				GCC_NO_COMMON_BLOCKS = YES;
				GCC_WARN_64_TO_32_BIT_CONVERSION = YES;
				GCC_WARN_ABOUT_RETURN_TYPE = YES_ERROR;
				GCC_WARN_UNDECLARED_SELECTOR = YES;
				GCC_WARN_UNINITIALIZED_AUTOS = YES_AGGRESSIVE;
				GCC_WARN_UNUSED_FUNCTION = YES;
				GCC_WARN_UNUSED_VARIABLE = YES;
				IPHONEOS_DEPLOYMENT_TARGET = 9.3;
				MTL_ENABLE_DEBUG_INFO = NO;
				SDKROOT = iphoneos;
				VALIDATE_PRODUCT = YES;
			};
			name = Release;
		};
		CC8CAAEA1CFC902B00E05BD9 /* Debug */ = {
			isa = XCBuildConfiguration;
			buildSettings = {
				ASSETCATALOG_COMPILER_APPICON_NAME = AppIcon;
				INFOPLIST_FILE = Validation/Info.plist;
				LD_RUNPATH_SEARCH_PATHS = "$(inherited) @executable_path/Frameworks";
				PRODUCT_BUNDLE_IDENTIFIER = com.tutsplus.Validation;
				PRODUCT_NAME = "$(TARGET_NAME)";
			};
			name = Debug;
		};
		CC8CAAEB1CFC902B00E05BD9 /* Release */ = {
			isa = XCBuildConfiguration;
			buildSettings = {
				ASSETCATALOG_COMPILER_APPICON_NAME = AppIcon;
				INFOPLIST_FILE = Validation/Info.plist;
				LD_RUNPATH_SEARCH_PATHS = "$(inherited) @executable_path/Frameworks";
				PRODUCT_BUNDLE_IDENTIFIER = com.tutsplus.Validation;
				PRODUCT_NAME = "$(TARGET_NAME)";
			};
			name = Release;
		};
/* End XCBuildConfiguration section */

/* Begin XCConfigurationList section */
		CC8CAACF1CFC902B00E05BD9 /* Build configuration list for PBXProject "Validation" */ = {
			isa = XCConfigurationList;
			buildConfigurations = (
				CC8CAAE71CFC902B00E05BD9 /* Debug */,
				CC8CAAE81CFC902B00E05BD9 /* Release */,
			);
			defaultConfigurationIsVisible = 0;
			defaultConfigurationName = Release;
		};
		CC8CAAE91CFC902B00E05BD9 /* Build configuration list for PBXNativeTarget "Validation" */ = {
			isa = XCConfigurationList;
			buildConfigurations = (
				CC8CAAEA1CFC902B00E05BD9 /* Debug */,
				CC8CAAEB1CFC902B00E05BD9 /* Release */,
			);
			defaultConfigurationIsVisible = 0;
		};
/* End XCConfigurationList section */

/* Begin XCVersionGroup section */
		CC8CAADE1CFC902B00E05BD9 /* Validation.xcdatamodeld */ = {
			isa = XCVersionGroup;
			children = (
				CC8CAADF1CFC902B00E05BD9 /* Validation.xcdatamodel */,
			);
			currentVersion = CC8CAADF1CFC902B00E05BD9 /* Validation.xcdatamodel */;
			path = Validation.xcdatamodeld;
			sourceTree = "<group>";
			versionGroupType = wrapper.xcdatamodel;
		};
/* End XCVersionGroup section */
	};
	rootObject = CC8CAACC1CFC902B00E05BD9 /* Project object */;
}
